// !$*UTF8*$!
{
	archiveVersion = 1;
	classes = {
	};
	objectVersion = 55;
	objects = {

/* Begin PBXBuildFile section */
		73328CB827FC9248000CB2A5 /* Paper_DiceApp.swift in Sources */ = {isa = PBXBuildFile; fileRef = 73328CB727FC9248000CB2A5 /* Paper_DiceApp.swift */; };
		73328CBA27FC9248000CB2A5 /* ContentView.swift in Sources */ = {isa = PBXBuildFile; fileRef = 73328CB927FC9248000CB2A5 /* ContentView.swift */; };
		73328CBC27FC924A000CB2A5 /* Assets.xcassets in Resources */ = {isa = PBXBuildFile; fileRef = 73328CBB27FC924A000CB2A5 /* Assets.xcassets */; };
		73328CBF27FC924A000CB2A5 /* Preview Assets.xcassets in Resources */ = {isa = PBXBuildFile; fileRef = 73328CBE27FC924A000CB2A5 /* Preview Assets.xcassets */; };
		73328CC127FC924A000CB2A5 /* Persistence.swift in Sources */ = {isa = PBXBuildFile; fileRef = 73328CC027FC924A000CB2A5 /* Persistence.swift */; };
		73328CC427FC924A000CB2A5 /* Paper_Dice.xcdatamodeld in Sources */ = {isa = PBXBuildFile; fileRef = 73328CC227FC924A000CB2A5 /* Paper_Dice.xcdatamodeld */; };
		73328CCD27FC938B000CB2A5 /* HomeView.swift in Sources */ = {isa = PBXBuildFile; fileRef = 73328CCC27FC938B000CB2A5 /* HomeView.swift */; };
		73826EB027FC9743007F8F9E /* DiceBagView.swift in Sources */ = {isa = PBXBuildFile; fileRef = 73826EAF27FC9743007F8F9E /* DiceBagView.swift */; };
		73826EB227FC9CE1007F8F9E /* HomeDiceBagList.swift in Sources */ = {isa = PBXBuildFile; fileRef = 73826EB127FC9CE1007F8F9E /* HomeDiceBagList.swift */; };
		73826EB527FCB7C7007F8F9E /* SlideOverCard.swift in Sources */ = {isa = PBXBuildFile; fileRef = 73826EB427FCB7C7007F8F9E /* SlideOverCard.swift */; };
		73C91DAA27FCD15400D6C0E7 /* SlideOverView.swift in Sources */ = {isa = PBXBuildFile; fileRef = 73C91DA927FCD15400D6C0E7 /* SlideOverView.swift */; };
/* End PBXBuildFile section */

/* Begin PBXFileReference section */
		73328CB427FC9248000CB2A5 /* Paper Dice.app */ = {isa = PBXFileReference; explicitFileType = wrapper.application; includeInIndex = 0; path = "Paper Dice.app"; sourceTree = BUILT_PRODUCTS_DIR; };
		73328CB727FC9248000CB2A5 /* Paper_DiceApp.swift */ = {isa = PBXFileReference; lastKnownFileType = sourcecode.swift; path = Paper_DiceApp.swift; sourceTree = "<group>"; };
		73328CB927FC9248000CB2A5 /* ContentView.swift */ = {isa = PBXFileReference; lastKnownFileType = sourcecode.swift; path = ContentView.swift; sourceTree = "<group>"; };
		73328CBB27FC924A000CB2A5 /* Assets.xcassets */ = {isa = PBXFileReference; lastKnownFileType = folder.assetcatalog; path = Assets.xcassets; sourceTree = "<group>"; };
		73328CBE27FC924A000CB2A5 /* Preview Assets.xcassets */ = {isa = PBXFileReference; lastKnownFileType = folder.assetcatalog; path = "Preview Assets.xcassets"; sourceTree = "<group>"; };
		73328CC027FC924A000CB2A5 /* Persistence.swift */ = {isa = PBXFileReference; lastKnownFileType = sourcecode.swift; path = Persistence.swift; sourceTree = "<group>"; };
		73328CC327FC924A000CB2A5 /* Paper_Dice.xcdatamodel */ = {isa = PBXFileReference; lastKnownFileType = wrapper.xcdatamodel; path = Paper_Dice.xcdatamodel; sourceTree = "<group>"; };
		73328CCC27FC938B000CB2A5 /* HomeView.swift */ = {isa = PBXFileReference; lastKnownFileType = sourcecode.swift; path = HomeView.swift; sourceTree = "<group>"; };
		73826EAF27FC9743007F8F9E /* DiceBagView.swift */ = {isa = PBXFileReference; lastKnownFileType = sourcecode.swift; path = DiceBagView.swift; sourceTree = "<group>"; };
		73826EB127FC9CE1007F8F9E /* HomeDiceBagList.swift */ = {isa = PBXFileReference; lastKnownFileType = sourcecode.swift; path = HomeDiceBagList.swift; sourceTree = "<group>"; };
		73826EB427FCB7C7007F8F9E /* SlideOverCard.swift */ = {isa = PBXFileReference; lastKnownFileType = sourcecode.swift; path = SlideOverCard.swift; sourceTree = "<group>"; };
		73C91DA927FCD15400D6C0E7 /* SlideOverView.swift */ = {isa = PBXFileReference; lastKnownFileType = sourcecode.swift; path = SlideOverView.swift; sourceTree = "<group>"; };
/* End PBXFileReference section */

/* Begin PBXFrameworksBuildPhase section */
		73328CB127FC9248000CB2A5 /* Frameworks */ = {
			isa = PBXFrameworksBuildPhase;
			buildActionMask = 2147483647;
			files = (
			);
			runOnlyForDeploymentPostprocessing = 0;
		};
/* End PBXFrameworksBuildPhase section */

/* Begin PBXGroup section */
		73328CAB27FC9248000CB2A5 = {
			isa = PBXGroup;
			children = (
				73328CB627FC9248000CB2A5 /* Paper Dice */,
				73328CB527FC9248000CB2A5 /* Products */,
			);
			sourceTree = "<group>";
		};
		73328CB527FC9248000CB2A5 /* Products */ = {
			isa = PBXGroup;
			children = (
				73328CB427FC9248000CB2A5 /* Paper Dice.app */,
			);
			name = Products;
			sourceTree = "<group>";
		};
		73328CB627FC9248000CB2A5 /* Paper Dice */ = {
			isa = PBXGroup;
			children = (
				73328CB727FC9248000CB2A5 /* Paper_DiceApp.swift */,
				73328CCA27FC92D8000CB2A5 /* Views */,
				73328CBB27FC924A000CB2A5 /* Assets.xcassets */,
				73328CCB27FC92F7000CB2A5 /* Data */,
				73328CBD27FC924A000CB2A5 /* Preview Content */,
			);
			path = "Paper Dice";
			sourceTree = "<group>";
		};
		73328CBD27FC924A000CB2A5 /* Preview Content */ = {
			isa = PBXGroup;
			children = (
				73328CBE27FC924A000CB2A5 /* Preview Assets.xcassets */,
			);
			path = "Preview Content";
			sourceTree = "<group>";
		};
		73328CCA27FC92D8000CB2A5 /* Views */ = {
			isa = PBXGroup;
			children = (
				73826EB327FCB734007F8F9E /* Home */,
				73826EB627FCD0D0007F8F9E /* SlideOver */,
				73826EAF27FC9743007F8F9E /* DiceBagView.swift */,
				73328CB927FC9248000CB2A5 /* ContentView.swift */,
			);
			path = Views;
			sourceTree = "<group>";
		};
		73328CCB27FC92F7000CB2A5 /* Data */ = {
			isa = PBXGroup;
			children = (
				73328CC227FC924A000CB2A5 /* Paper_Dice.xcdatamodeld */,
				73328CC027FC924A000CB2A5 /* Persistence.swift */,
			);
			path = Data;
			sourceTree = "<group>";
		};
		73826EB327FCB734007F8F9E /* Home */ = {
			isa = PBXGroup;
			children = (
				73328CCC27FC938B000CB2A5 /* HomeView.swift */,
				73826EB127FC9CE1007F8F9E /* HomeDiceBagList.swift */,
			);
			path = Home;
			sourceTree = "<group>";
		};
		73826EB627FCD0D0007F8F9E /* SlideOver */ = {
			isa = PBXGroup;
			children = (
				73826EB427FCB7C7007F8F9E /* SlideOverCard.swift */,
				73C91DA927FCD15400D6C0E7 /* SlideOverView.swift */,
			);
			path = SlideOver;
			sourceTree = "<group>";
		};
/* End PBXGroup section */

/* Begin PBXNativeTarget section */
		73328CB327FC9248000CB2A5 /* Paper Dice */ = {
			isa = PBXNativeTarget;
			buildConfigurationList = 73328CC727FC924A000CB2A5 /* Build configuration list for PBXNativeTarget "Paper Dice" */;
			buildPhases = (
				73328CB027FC9248000CB2A5 /* Sources */,
				73328CB127FC9248000CB2A5 /* Frameworks */,
				73328CB227FC9248000CB2A5 /* Resources */,
			);
			buildRules = (
			);
			dependencies = (
			);
			name = "Paper Dice";
			productName = "Paper Dice";
			productReference = 73328CB427FC9248000CB2A5 /* Paper Dice.app */;
			productType = "com.apple.product-type.application";
		};
/* End PBXNativeTarget section */

/* Begin PBXProject section */
		73328CAC27FC9248000CB2A5 /* Project object */ = {
			isa = PBXProject;
			attributes = {
				BuildIndependentTargetsInParallel = 1;
				LastSwiftUpdateCheck = 1330;
				LastUpgradeCheck = 1330;
				TargetAttributes = {
					73328CB327FC9248000CB2A5 = {
						CreatedOnToolsVersion = 13.3;
					};
				};
			};
			buildConfigurationList = 73328CAF27FC9248000CB2A5 /* Build configuration list for PBXProject "Paper Dice" */;
			compatibilityVersion = "Xcode 13.0";
			developmentRegion = en;
			hasScannedForEncodings = 0;
			knownRegions = (
				en,
				Base,
			);
			mainGroup = 73328CAB27FC9248000CB2A5;
			productRefGroup = 73328CB527FC9248000CB2A5 /* Products */;
			projectDirPath = "";
			projectRoot = "";
			targets = (
				73328CB327FC9248000CB2A5 /* Paper Dice */,
			);
		};
/* End PBXProject section */

/* Begin PBXResourcesBuildPhase section */
		73328CB227FC9248000CB2A5 /* Resources */ = {
			isa = PBXResourcesBuildPhase;
			buildActionMask = 2147483647;
			files = (
				73328CBF27FC924A000CB2A5 /* Preview Assets.xcassets in Resources */,
				73328CBC27FC924A000CB2A5 /* Assets.xcassets in Resources */,
			);
			runOnlyForDeploymentPostprocessing = 0;
		};
/* End PBXResourcesBuildPhase section */

/* Begin PBXSourcesBuildPhase section */
		73328CB027FC9248000CB2A5 /* Sources */ = {
			isa = PBXSourcesBuildPhase;
			buildActionMask = 2147483647;
			files = (
				73328CC127FC924A000CB2A5 /* Persistence.swift in Sources */,
				73826EB227FC9CE1007F8F9E /* HomeDiceBagList.swift in Sources */,
				73328CBA27FC9248000CB2A5 /* ContentView.swift in Sources */,
				73826EB027FC9743007F8F9E /* DiceBagView.swift in Sources */,
				73328CB827FC9248000CB2A5 /* Paper_DiceApp.swift in Sources */,
				73C91DAA27FCD15400D6C0E7 /* SlideOverView.swift in Sources */,
				73826EB527FCB7C7007F8F9E /* SlideOverCard.swift in Sources */,
				73328CCD27FC938B000CB2A5 /* HomeView.swift in Sources */,
				73328CC427FC924A000CB2A5 /* Paper_Dice.xcdatamodeld in Sources */,
			);
			runOnlyForDeploymentPostprocessing = 0;
		};
/* End PBXSourcesBuildPhase section */

/* Begin XCBuildConfiguration section */
		73328CC527FC924A000CB2A5 /* Debug */ = {
			isa = XCBuildConfiguration;
			buildSettings = {
				ALWAYS_SEARCH_USER_PATHS = NO;
				CLANG_ANALYZER_NONNULL = YES;
				CLANG_ANALYZER_NUMBER_OBJECT_CONVERSION = YES_AGGRESSIVE;
				CLANG_CXX_LANGUAGE_STANDARD = "gnu++17";
				CLANG_ENABLE_MODULES = YES;
				CLANG_ENABLE_OBJC_ARC = YES;
				CLANG_ENABLE_OBJC_WEAK = YES;
				CLANG_WARN_BLOCK_CAPTURE_AUTORELEASING = YES;
				CLANG_WARN_BOOL_CONVERSION = YES;
				CLANG_WARN_COMMA = YES;
				CLANG_WARN_CONSTANT_CONVERSION = YES;
				CLANG_WARN_DEPRECATED_OBJC_IMPLEMENTATIONS = YES;
				CLANG_WARN_DIRECT_OBJC_ISA_USAGE = YES_ERROR;
				CLANG_WARN_DOCUMENTATION_COMMENTS = YES;
				CLANG_WARN_EMPTY_BODY = YES;
				CLANG_WARN_ENUM_CONVERSION = YES;
				CLANG_WARN_INFINITE_RECURSION = YES;
				CLANG_WARN_INT_CONVERSION = YES;
				CLANG_WARN_NON_LITERAL_NULL_CONVERSION = YES;
				CLANG_WARN_OBJC_IMPLICIT_RETAIN_SELF = YES;
				CLANG_WARN_OBJC_LITERAL_CONVERSION = YES;
				CLANG_WARN_OBJC_ROOT_CLASS = YES_ERROR;
				CLANG_WARN_QUOTED_INCLUDE_IN_FRAMEWORK_HEADER = YES;
				CLANG_WARN_RANGE_LOOP_ANALYSIS = YES;
				CLANG_WARN_STRICT_PROTOTYPES = YES;
				CLANG_WARN_SUSPICIOUS_MOVE = YES;
				CLANG_WARN_UNGUARDED_AVAILABILITY = YES_AGGRESSIVE;
				CLANG_WARN_UNREACHABLE_CODE = YES;
				CLANG_WARN__DUPLICATE_METHOD_MATCH = YES;
				COPY_PHASE_STRIP = NO;
				DEBUG_INFORMATION_FORMAT = dwarf;
				ENABLE_STRICT_OBJC_MSGSEND = YES;
				ENABLE_TESTABILITY = YES;
				GCC_C_LANGUAGE_STANDARD = gnu11;
				GCC_DYNAMIC_NO_PIC = NO;
				GCC_NO_COMMON_BLOCKS = YES;
				GCC_OPTIMIZATION_LEVEL = 0;
				GCC_PREPROCESSOR_DEFINITIONS = (
					"DEBUG=1",
					"$(inherited)",
				);
				GCC_WARN_64_TO_32_BIT_CONVERSION = YES;
				GCC_WARN_ABOUT_RETURN_TYPE = YES_ERROR;
				GCC_WARN_UNDECLARED_SELECTOR = YES;
				GCC_WARN_UNINITIALIZED_AUTOS = YES_AGGRESSIVE;
				GCC_WARN_UNUSED_FUNCTION = YES;
				GCC_WARN_UNUSED_VARIABLE = YES;
				IPHONEOS_DEPLOYMENT_TARGET = 15.4;
				MTL_ENABLE_DEBUG_INFO = INCLUDE_SOURCE;
				MTL_FAST_MATH = YES;
				ONLY_ACTIVE_ARCH = YES;
				SDKROOT = iphoneos;
				SWIFT_ACTIVE_COMPILATION_CONDITIONS = DEBUG;
				SWIFT_OPTIMIZATION_LEVEL = "-Onone";
			};
			name = Debug;
		};
		73328CC627FC924A000CB2A5 /* Release */ = {
			isa = XCBuildConfiguration;
			buildSettings = {
				ALWAYS_SEARCH_USER_PATHS = NO;
				CLANG_ANALYZER_NONNULL = YES;
				CLANG_ANALYZER_NUMBER_OBJECT_CONVERSION = YES_AGGRESSIVE;
				CLANG_CXX_LANGUAGE_STANDARD = "gnu++17";
				CLANG_ENABLE_MODULES = YES;
				CLANG_ENABLE_OBJC_ARC = YES;
				CLANG_ENABLE_OBJC_WEAK = YES;
				CLANG_WARN_BLOCK_CAPTURE_AUTORELEASING = YES;
				CLANG_WARN_BOOL_CONVERSION = YES;
				CLANG_WARN_COMMA = YES;
				CLANG_WARN_CONSTANT_CONVERSION = YES;
				CLANG_WARN_DEPRECATED_OBJC_IMPLEMENTATIONS = YES;
				CLANG_WARN_DIRECT_OBJC_ISA_USAGE = YES_ERROR;
				CLANG_WARN_DOCUMENTATION_COMMENTS = YES;
				CLANG_WARN_EMPTY_BODY = YES;
				CLANG_WARN_ENUM_CONVERSION = YES;
				CLANG_WARN_INFINITE_RECURSION = YES;
				CLANG_WARN_INT_CONVERSION = YES;
				CLANG_WARN_NON_LITERAL_NULL_CONVERSION = YES;
				CLANG_WARN_OBJC_IMPLICIT_RETAIN_SELF = YES;
				CLANG_WARN_OBJC_LITERAL_CONVERSION = YES;
				CLANG_WARN_OBJC_ROOT_CLASS = YES_ERROR;
				CLANG_WARN_QUOTED_INCLUDE_IN_FRAMEWORK_HEADER = YES;
				CLANG_WARN_RANGE_LOOP_ANALYSIS = YES;
				CLANG_WARN_STRICT_PROTOTYPES = YES;
				CLANG_WARN_SUSPICIOUS_MOVE = YES;
				CLANG_WARN_UNGUARDED_AVAILABILITY = YES_AGGRESSIVE;
				CLANG_WARN_UNREACHABLE_CODE = YES;
				CLANG_WARN__DUPLICATE_METHOD_MATCH = YES;
				COPY_PHASE_STRIP = NO;
				DEBUG_INFORMATION_FORMAT = "dwarf-with-dsym";
				ENABLE_NS_ASSERTIONS = NO;
				ENABLE_STRICT_OBJC_MSGSEND = YES;
				GCC_C_LANGUAGE_STANDARD = gnu11;
				GCC_NO_COMMON_BLOCKS = YES;
				GCC_WARN_64_TO_32_BIT_CONVERSION = YES;
				GCC_WARN_ABOUT_RETURN_TYPE = YES_ERROR;
				GCC_WARN_UNDECLARED_SELECTOR = YES;
				GCC_WARN_UNINITIALIZED_AUTOS = YES_AGGRESSIVE;
				GCC_WARN_UNUSED_FUNCTION = YES;
				GCC_WARN_UNUSED_VARIABLE = YES;
				IPHONEOS_DEPLOYMENT_TARGET = 15.4;
				MTL_ENABLE_DEBUG_INFO = NO;
				MTL_FAST_MATH = YES;
				SDKROOT = iphoneos;
				SWIFT_COMPILATION_MODE = wholemodule;
				SWIFT_OPTIMIZATION_LEVEL = "-O";
				VALIDATE_PRODUCT = YES;
			};
			name = Release;
		};
		73328CC827FC924A000CB2A5 /* Debug */ = {
			isa = XCBuildConfiguration;
			buildSettings = {
				ASSETCATALOG_COMPILER_APPICON_NAME = AppIcon;
				ASSETCATALOG_COMPILER_GLOBAL_ACCENT_COLOR_NAME = AccentColor;
				CODE_SIGN_STYLE = Automatic;
				CURRENT_PROJECT_VERSION = 1;
				DEVELOPMENT_ASSET_PATHS = "\"Paper Dice/Preview Content\"";
				DEVELOPMENT_TEAM = F4APFPN2XP;
				ENABLE_PREVIEWS = YES;
				GENERATE_INFOPLIST_FILE = YES;
				INFOPLIST_KEY_UIApplicationSceneManifest_Generation = YES;
				INFOPLIST_KEY_UIApplicationSupportsIndirectInputEvents = YES;
				INFOPLIST_KEY_UILaunchScreen_Generation = YES;
				INFOPLIST_KEY_UISupportedInterfaceOrientations_iPad = "UIInterfaceOrientationPortrait UIInterfaceOrientationPortraitUpsideDown UIInterfaceOrientationLandscapeLeft UIInterfaceOrientationLandscapeRight";
				INFOPLIST_KEY_UISupportedInterfaceOrientations_iPhone = "UIInterfaceOrientationPortrait UIInterfaceOrientationLandscapeLeft UIInterfaceOrientationLandscapeRight";
				LD_RUNPATH_SEARCH_PATHS = (
					"$(inherited)",
					"@executable_path/Frameworks",
				);
				MARKETING_VERSION = 1.0;
				PRODUCT_BUNDLE_IDENTIFIER = "me.bradyrobshaw.Paper-Dice";
				PRODUCT_NAME = "$(TARGET_NAME)";
				SWIFT_EMIT_LOC_STRINGS = YES;
				SWIFT_VERSION = 5.0;
				TARGETED_DEVICE_FAMILY = "1,2";
			};
			name = Debug;
		};
		73328CC927FC924A000CB2A5 /* Release */ = {
			isa = XCBuildConfiguration;
			buildSettings = {
				ASSETCATALOG_COMPILER_APPICON_NAME = AppIcon;
				ASSETCATALOG_COMPILER_GLOBAL_ACCENT_COLOR_NAME = AccentColor;
				CODE_SIGN_STYLE = Automatic;
				CURRENT_PROJECT_VERSION = 1;
				DEVELOPMENT_ASSET_PATHS = "\"Paper Dice/Preview Content\"";
				DEVELOPMENT_TEAM = F4APFPN2XP;
				ENABLE_PREVIEWS = YES;
				GENERATE_INFOPLIST_FILE = YES;
				INFOPLIST_KEY_UIApplicationSceneManifest_Generation = YES;
				INFOPLIST_KEY_UIApplicationSupportsIndirectInputEvents = YES;
				INFOPLIST_KEY_UILaunchScreen_Generation = YES;
				INFOPLIST_KEY_UISupportedInterfaceOrientations_iPad = "UIInterfaceOrientationPortrait UIInterfaceOrientationPortraitUpsideDown UIInterfaceOrientationLandscapeLeft UIInterfaceOrientationLandscapeRight";
				INFOPLIST_KEY_UISupportedInterfaceOrientations_iPhone = "UIInterfaceOrientationPortrait UIInterfaceOrientationLandscapeLeft UIInterfaceOrientationLandscapeRight";
				LD_RUNPATH_SEARCH_PATHS = (
					"$(inherited)",
					"@executable_path/Frameworks",
				);
				MARKETING_VERSION = 1.0;
				PRODUCT_BUNDLE_IDENTIFIER = "me.bradyrobshaw.Paper-Dice";
				PRODUCT_NAME = "$(TARGET_NAME)";
				SWIFT_EMIT_LOC_STRINGS = YES;
				SWIFT_VERSION = 5.0;
				TARGETED_DEVICE_FAMILY = "1,2";
			};
			name = Release;
		};
/* End XCBuildConfiguration section */

/* Begin XCConfigurationList section */
		73328CAF27FC9248000CB2A5 /* Build configuration list for PBXProject "Paper Dice" */ = {
			isa = XCConfigurationList;
			buildConfigurations = (
				73328CC527FC924A000CB2A5 /* Debug */,
				73328CC627FC924A000CB2A5 /* Release */,
			);
			defaultConfigurationIsVisible = 0;
			defaultConfigurationName = Release;
		};
		73328CC727FC924A000CB2A5 /* Build configuration list for PBXNativeTarget "Paper Dice" */ = {
			isa = XCConfigurationList;
			buildConfigurations = (
				73328CC827FC924A000CB2A5 /* Debug */,
				73328CC927FC924A000CB2A5 /* Release */,
			);
			defaultConfigurationIsVisible = 0;
			defaultConfigurationName = Release;
		};
/* End XCConfigurationList section */

/* Begin XCVersionGroup section */
		73328CC227FC924A000CB2A5 /* Paper_Dice.xcdatamodeld */ = {
			isa = XCVersionGroup;
			children = (
				73328CC327FC924A000CB2A5 /* Paper_Dice.xcdatamodel */,
			);
			currentVersion = 73328CC327FC924A000CB2A5 /* Paper_Dice.xcdatamodel */;
			path = Paper_Dice.xcdatamodeld;
			sourceTree = "<group>";
			versionGroupType = wrapper.xcdatamodel;
		};
/* End XCVersionGroup section */
	};
	rootObject = 73328CAC27FC9248000CB2A5 /* Project object */;
}
